
Microsoft Visual Studio Solution File, Format Version 12.00
# Visual Studio 15
VisualStudioVersion = 15.0.26730.16
MinimumVisualStudioVersion = 10.0.40219.1
Project("{FAE04EC0-301F-11D3-BF4B-00C04F79EFBC}") = "BaiTH1", "BaiTH1\BaiTH1.csproj", "{7901EB80-6230-49D4-AFC9-7FAD0B6646EA}"
EndProject
Global
	GlobalSection(SolutionConfigurationPlatforms) = preSolution
		Debug|Any CPU = Debug|Any CPU
		Release|Any CPU = Release|Any CPU
	EndGlobalSection
	GlobalSection(ProjectConfigurationPlatforms) = postSolution
		{7901EB80-6230-49D4-AFC9-7FAD0B6646EA}.Debug|Any CPU.ActiveCfg = Debug|Any CPU
		{7901EB80-6230-49D4-AFC9-7FAD0B6646EA}.Debug|Any CPU.Build.0 = Debug|Any CPU
		{7901EB80-6230-49D4-AFC9-7FAD0B6646EA}.Release|Any CPU.ActiveCfg = Release|Any CPU
		{7901EB80-6230-49D4-AFC9-7FAD0B6646EA}.Release|Any CPU.Build.0 = Release|Any CPU
	EndGlobalSection
	GlobalSection(SolutionProperties) = preSolution
		HideSolutionNode = FALSE
	EndGlobalSection
	GlobalSection(ExtensibilityGlobals) = postSolution
		SolutionGuid = {74F177CE-27B7-468F-94CF-9E88B005A676}
	EndGlobalSection
EndGlobal
